Microsoft Visual Studio Solution File, Format Version 12.00
# Visual Studio 16
Project("{2150E333-8FDC-42A3-9474-1A3956D46DE8}") = "CMakePredefinedTargets", "CMakePredefinedTargets", "{50EEB3EB-A3C7-3003-A538-B6404927E81A}"
EndProject
Project("{2150E333-8FDC-42A3-9474-1A3956D46DE8}") = "GLFW3", "GLFW3", "{416CF952-5AAD-3CE8-B390-D4A2FCC0E606}"
EndProject
Project("{2150E333-8FDC-42A3-9474-1A3956D46DE8}") = "Examples", "GLFW3\Examples", "{FF806A39-063D-3E73-A1D7-654B348C0236}"
EndProject
Project("{2150E333-8FDC-42A3-9474-1A3956D46DE8}") = "Tests", "GLFW3\Tests", "{4DA439EB-5EB9-3087-A51C-96F5975A9D1D}"
EndProject
Project("{8BC9CEB8-8B4A-11D0-8D11-00A0C91BC942}") = "ALL_BUILD", "ALL_BUILD.vcxproj", "{40A60C18-32E4-3EA3-B153-BC949B1217A4}"
	ProjectSection(ProjectDependencies) = postProject
		{7173B3A5-B061-3B70-8835-2C8DF9B99A01} = {7173B3A5-B061-3B70-8835-2C8DF9B99A01}
		{866007C3-A1EE-35EB-8AB5-70444305E23A} = {866007C3-A1EE-35EB-8AB5-70444305E23A}
		{A56F162E-21F4-3004-B490-4FD2E96851FB} = {A56F162E-21F4-3004-B490-4FD2E96851FB}
		{1B9BA58C-B8D6-39F8-9DCA-1CC226DDFDBE} = {1B9BA58C-B8D6-39F8-9DCA-1CC226DDFDBE}
		{E592C45B-A7A6-3C7B-AD8D-7C032C8BF95A} = {E592C45B-A7A6-3C7B-AD8D-7C032C8BF95A}
		{D8650C19-33DF-330F-AE7D-DE5AED6DA497} = {D8650C19-33DF-330F-AE7D-DE5AED6DA497}
		{51823F43-9C2B-310A-BF8D-87491F45DBAF} = {51823F43-9C2B-310A-BF8D-87491F45DBAF}
		{0A9C9D25-1472-3AAD-AB5F-E6B4773CDE99} = {0A9C9D25-1472-3AAD-AB5F-E6B4773CDE99}
		{3BDDD230-E51D-3283-9E3F-C16CC63B8031} = {3BDDD230-E51D-3283-9E3F-C16CC63B8031}
		{E3C989AC-9B9B-34CC-9A35-420820813300} = {E3C989AC-9B9B-34CC-9A35-420820813300}
		{7EC48B83-3D5B-3C67-8F2F-33956AD22909} = {7EC48B83-3D5B-3C67-8F2F-33956AD22909}
		{5130D8A5-D8AA-35B7-91AE-4AD006B137D3} = {5130D8A5-D8AA-35B7-91AE-4AD006B137D3}
		{87AFD6FB-2C73-3C2C-B185-E4CA7D74F527} = {87AFD6FB-2C73-3C2C-B185-E4CA7D74F527}
		{07789793-463C-3E80-A6CE-F5598F739773} = {07789793-463C-3E80-A6CE-F5598F739773}
		{BCC1B0C5-29F4-38D8-AB79-A1514FAA80E6} = {BCC1B0C5-29F4-38D8-AB79-A1514FAA80E6}
		{CF7931AB-916B-38BB-823B-83D9BD339526} = {CF7931AB-916B-38BB-823B-83D9BD339526}
		{EF268565-9581-3C6E-87FC-45968CB1EF25} = {EF268565-9581-3C6E-87FC-45968CB1EF25}
		{7E0EEADD-A0FE-3DE5-85B0-00F85245D52F} = {7E0EEADD-A0FE-3DE5-85B0-00F85245D52F}
		{4793326A-D666-37A6-90F3-DDACD16C3F8B} = {4793326A-D666-37A6-90F3-DDACD16C3F8B}
		{DB958C74-CC78-3193-ABFB-A0BF4A9F1FB0} = {DB958C74-CC78-3193-ABFB-A0BF4A9F1FB0}
		{0D270BEF-5574-3EEC-86F7-4D4F304EA69E} = {0D270BEF-5574-3EEC-86F7-4D4F304EA69E}
		{B1FEE61F-BB8D-37D5-8878-2FBF92D00A07} = {B1FEE61F-BB8D-37D5-8878-2FBF92D00A07}
		{3C00CEB7-2EE6-3F07-841F-B25DBFDC8AA3} = {3C00CEB7-2EE6-3F07-841F-B25DBFDC8AA3}
		{FF9899A1-7337-3F23-979D-01FFDADEE47D} = {FF9899A1-7337-3F23-979D-01FFDADEE47D}
		{7AD6CEEE-5E7D-3176-8672-8CDA2EB5A8C6} = {7AD6CEEE-5E7D-3176-8672-8CDA2EB5A8C6}
		{5335ED7F-D363-34DE-BA6B-FD74A23FA554} = {5335ED7F-D363-34DE-BA6B-FD74A23FA554}
		{0431CBDE-14EB-38A9-8791-35DD821F6125} = {0431CBDE-14EB-38A9-8791-35DD821F6125}
		{A5967C95-0408-31CA-852C-5FF2B4F70776} = {A5967C95-0408-31CA-852C-5FF2B4F70776}
		{5E639629-F340-39BA-8BA1-1CDD0AB2D691} = {5E639629-F340-39BA-8BA1-1CDD0AB2D691}
		{606E1707-8F9D-33F9-AFC5-6CA1CED6452F} = {606E1707-8F9D-33F9-AFC5-6CA1CED6452F}
		{4D731679-E37F-3C85-9DC7-BC2145149F9D} = {4D731679-E37F-3C85-9DC7-BC2145149F9D}
	EndProjectSection
EndProject
Project("{8BC9CEB8-8B4A-11D0-8D11-00A0C91BC942}") = "INSTALL", "INSTALL.vcxproj", "{4FE91D6D-3219-390F-A60A-33E734DC3A13}"
	ProjectSection(ProjectDependencies) = postProject
		{40A60C18-32E4-3EA3-B153-BC949B1217A4} = {40A60C18-32E4-3EA3-B153-BC949B1217A4}
		{7173B3A5-B061-3B70-8835-2C8DF9B99A01} = {7173B3A5-B061-3B70-8835-2C8DF9B99A01}
	EndProjectSection
EndProject
Project("{8BC9CEB8-8B4A-11D0-8D11-00A0C91BC942}") = "ZERO_CHECK", "ZERO_CHECK.vcxproj", "{7173B3A5-B061-3B70-8835-2C8DF9B99A01}"
	ProjectSection(ProjectDependencies) = postProject
	EndProjectSection
EndProject
Project("{8BC9CEB8-8B4A-11D0-8D11-00A0C91BC942}") = "boing", "examples\boing.vcxproj", "{866007C3-A1EE-35EB-8AB5-70444305E23A}"
	ProjectSection(ProjectDependencies) = postProject
		{7173B3A5-B061-3B70-8835-2C8DF9B99A01} = {7173B3A5-B061-3B70-8835-2C8DF9B99A01}
		{3BDDD230-E51D-3283-9E3F-C16CC63B8031} = {3BDDD230-E51D-3283-9E3F-C16CC63B8031}
	EndProjectSection
EndProject
Project("{8BC9CEB8-8B4A-11D0-8D11-00A0C91BC942}") = "clipboard", "tests\clipboard.vcxproj", "{A56F162E-21F4-3004-B490-4FD2E96851FB}"
	ProjectSection(ProjectDependencies) = postProject
		{7173B3A5-B061-3B70-8835-2C8DF9B99A01} = {7173B3A5-B061-3B70-8835-2C8DF9B99A01}
		{3BDDD230-E51D-3283-9E3F-C16CC63B8031} = {3BDDD230-E51D-3283-9E3F-C16CC63B8031}
	EndProjectSection
EndProject
Project("{8BC9CEB8-8B4A-11D0-8D11-00A0C91BC942}") = "cursor", "tests\cursor.vcxproj", "{1B9BA58C-B8D6-39F8-9DCA-1CC226DDFDBE}"
	ProjectSection(ProjectDependencies) = postProject
		{7173B3A5-B061-3B70-8835-2C8DF9B99A01} = {7173B3A5-B061-3B70-8835-2C8DF9B99A01}
		{3BDDD230-E51D-3283-9E3F-C16CC63B8031} = {3BDDD230-E51D-3283-9E3F-C16CC63B8031}
	EndProjectSection
EndProject
Project("{8BC9CEB8-8B4A-11D0-8D11-00A0C91BC942}") = "empty", "tests\empty.vcxproj", "{E592C45B-A7A6-3C7B-AD8D-7C032C8BF95A}"
	ProjectSection(ProjectDependencies) = postProject
		{7173B3A5-B061-3B70-8835-2C8DF9B99A01} = {7173B3A5-B061-3B70-8835-2C8DF9B99A01}
		{3BDDD230-E51D-3283-9E3F-C16CC63B8031} = {3BDDD230-E51D-3283-9E3F-C16CC63B8031}
	EndProjectSection
EndProject
Project("{8BC9CEB8-8B4A-11D0-8D11-00A0C91BC942}") = "events", "tests\events.vcxproj", "{D8650C19-33DF-330F-AE7D-DE5AED6DA497}"
	ProjectSection(ProjectDependencies) = postProject
		{7173B3A5-B061-3B70-8835-2C8DF9B99A01} = {7173B3A5-B061-3B70-8835-2C8DF9B99A01}
		{3BDDD230-E51D-3283-9E3F-C16CC63B8031} = {3BDDD230-E51D-3283-9E3F-C16CC63B8031}
	EndProjectSection
EndProject
Project("{8BC9CEB8-8B4A-11D0-8D11-00A0C91BC942}") = "gamma", "tests\gamma.vcxproj", "{51823F43-9C2B-310A-BF8D-87491F45DBAF}"
	ProjectSection(ProjectDependencies) = postProject
		{7173B3A5-B061-3B70-8835-2C8DF9B99A01} = {7173B3A5-B061-3B70-8835-2C8DF9B99A01}
		{3BDDD230-E51D-3283-9E3F-C16CC63B8031} = {3BDDD230-E51D-3283-9E3F-C16CC63B8031}
	EndProjectSection
EndProject
Project("{8BC9CEB8-8B4A-11D0-8D11-00A0C91BC942}") = "gears", "examples\gears.vcxproj", "{0A9C9D25-1472-3AAD-AB5F-E6B4773CDE99}"
	ProjectSection(ProjectDependencies) = postProject
		{7173B3A5-B061-3B70-8835-2C8DF9B99A01} = {7173B3A5-B061-3B70-8835-2C8DF9B99A01}
		{3BDDD230-E51D-3283-9E3F-C16CC63B8031} = {3BDDD230-E51D-3283-9E3F-C16CC63B8031}
	EndProjectSection
EndProject
Project("{8BC9CEB8-8B4A-11D0-8D11-00A0C91BC942}") = "glfw", "src\glfw.vcxproj", "{3BDDD230-E51D-3283-9E3F-C16CC63B8031}"
	ProjectSection(ProjectDependencies) = postProject
		{7173B3A5-B061-3B70-8835-2C8DF9B99A01} = {7173B3A5-B061-3B70-8835-2C8DF9B99A01}
	EndProjectSection
EndProject
Project("{8BC9CEB8-8B4A-11D0-8D11-00A0C91BC942}") = "glfwinfo", "tests\glfwinfo.vcxproj", "{E3C989AC-9B9B-34CC-9A35-420820813300}"
	ProjectSection(ProjectDependencies) = postProject
		{7173B3A5-B061-3B70-8835-2C8DF9B99A01} = {7173B3A5-B061-3B70-8835-2C8DF9B99A01}
		{3BDDD230-E51D-3283-9E3F-C16CC63B8031} = {3BDDD230-E51D-3283-9E3F-C16CC63B8031}
	EndProjectSection
EndProject
Project("{8BC9CEB8-8B4A-11D0-8D11-00A0C91BC942}") = "heightmap", "examples\heightmap.vcxproj", "{7EC48B83-3D5B-3C67-8F2F-33956AD22909}"
	ProjectSection(ProjectDependencies) = postProject
		{7173B3A5-B061-3B70-8835-2C8DF9B99A01} = {7173B3A5-B061-3B70-8835-2C8DF9B99A01}
		{3BDDD230-E51D-3283-9E3F-C16CC63B8031} = {3BDDD230-E51D-3283-9E3F-C16CC63B8031}
	EndProjectSection
EndProject
Project("{8BC9CEB8-8B4A-11D0-8D11-00A0C91BC942}") = "icon", "tests\icon.vcxproj", "{5130D8A5-D8AA-35B7-91AE-4AD006B137D3}"
	ProjectSection(ProjectDependencies) = postProject
		{7173B3A5-B061-3B70-8835-2C8DF9B99A01} = {7173B3A5-B061-3B70-8835-2C8DF9B99A01}
		{3BDDD230-E51D-3283-9E3F-C16CC63B8031} = {3BDDD230-E51D-3283-9E3F-C16CC63B8031}
	EndProjectSection
EndProject
Project("{8BC9CEB8-8B4A-11D0-8D11-00A0C91BC942}") = "iconify", "tests\iconify.vcxproj", "{87AFD6FB-2C73-3C2C-B185-E4CA7D74F527}"
	ProjectSection(ProjectDependencies) = postProject
		{7173B3A5-B061-3B70-8835-2C8DF9B99A01} = {7173B3A5-B061-3B70-8835-2C8DF9B99A01}
		{3BDDD230-E51D-3283-9E3F-C16CC63B8031} = {3BDDD230-E51D-3283-9E3F-C16CC63B8031}
	EndProjectSection
EndProject
Project("{8BC9CEB8-8B4A-11D0-8D11-00A0C91BC942}") = "inputlag", "tests\inputlag.vcxproj", "{07789793-463C-3E80-A6CE-F5598F739773}"
	ProjectSection(ProjectDependencies) = postProject
		{7173B3A5-B061-3B70-8835-2C8DF9B99A01} = {7173B3A5-B061-3B70-8835-2C8DF9B99A01}
		{3BDDD230-E51D-3283-9E3F-C16CC63B8031} = {3BDDD230-E51D-3283-9E3F-C16CC63B8031}
	EndProjectSection
EndProject
Project("{8BC9CEB8-8B4A-11D0-8D11-00A0C91BC942}") = "joysticks", "tests\joysticks.vcxproj", "{BCC1B0C5-29F4-38D8-AB79-A1514FAA80E6}"
	ProjectSection(ProjectDependencies) = postProject
		{7173B3A5-B061-3B70-8835-2C8DF9B99A01} = {7173B3A5-B061-3B70-8835-2C8DF9B99A01}
		{3BDDD230-E51D-3283-9E3F-C16CC63B8031} = {3BDDD230-E51D-3283-9E3F-C16CC63B8031}
	EndProjectSection
EndProject
Project("{8BC9CEB8-8B4A-11D0-8D11-00A0C91BC942}") = "monitors", "tests\monitors.vcxproj", "{CF7931AB-916B-38BB-823B-83D9BD339526}"
	ProjectSection(ProjectDependencies) = postProject
		{7173B3A5-B061-3B70-8835-2C8DF9B99A01} = {7173B3A5-B061-3B70-8835-2C8DF9B99A01}
		{3BDDD230-E51D-3283-9E3F-C16CC63B8031} = {3BDDD230-E51D-3283-9E3F-C16CC63B8031}
	EndProjectSection
EndProject
Project("{8BC9CEB8-8B4A-11D0-8D11-00A0C91BC942}") = "msaa", "tests\msaa.vcxproj", "{EF268565-9581-3C6E-87FC-45968CB1EF25}"
	ProjectSection(ProjectDependencies) = postProject
		{7173B3A5-B061-3B70-8835-2C8DF9B99A01} = {7173B3A5-B061-3B70-8835-2C8DF9B99A01}
		{3BDDD230-E51D-3283-9E3F-C16CC63B8031} = {3BDDD230-E51D-3283-9E3F-C16CC63B8031}
	EndProjectSection
EndProject
Project("{8BC9CEB8-8B4A-11D0-8D11-00A0C91BC942}") = "offscreen", "examples\offscreen.vcxproj", "{7E0EEADD-A0FE-3DE5-85B0-00F85245D52F}"
	ProjectSection(ProjectDependencies) = postProject
		{7173B3A5-B061-3B70-8835-2C8DF9B99A01} = {7173B3A5-B061-3B70-8835-2C8DF9B99A01}
		{3BDDD230-E51D-3283-9E3F-C16CC63B8031} = {3BDDD230-E51D-3283-9E3F-C16CC63B8031}
	EndProjectSection
EndProject
Project("{8BC9CEB8-8B4A-11D0-8D11-00A0C91BC942}") = "opacity", "tests\opacity.vcxproj", "{4793326A-D666-37A6-90F3-DDACD16C3F8B}"
	ProjectSection(ProjectDependencies) = postProject
		{7173B3A5-B061-3B70-8835-2C8DF9B99A01} = {7173B3A5-B061-3B70-8835-2C8DF9B99A01}
		{3BDDD230-E51D-3283-9E3F-C16CC63B8031} = {3BDDD230-E51D-3283-9E3F-C16CC63B8031}
	EndProjectSection
EndProject
Project("{8BC9CEB8-8B4A-11D0-8D11-00A0C91BC942}") = "particles", "examples\particles.vcxproj", "{DB958C74-CC78-3193-ABFB-A0BF4A9F1FB0}"
	ProjectSection(ProjectDependencies) = postProject
		{7173B3A5-B061-3B70-8835-2C8DF9B99A01} = {7173B3A5-B061-3B70-8835-2C8DF9B99A01}
		{3BDDD230-E51D-3283-9E3F-C16CC63B8031} = {3BDDD230-E51D-3283-9E3F-C16CC63B8031}
	EndProjectSection
EndProject
Project("{8BC9CEB8-8B4A-11D0-8D11-00A0C91BC942}") = "reopen", "tests\reopen.vcxproj", "{0D270BEF-5574-3EEC-86F7-4D4F304EA69E}"
	ProjectSection(ProjectDependencies) = postProject
		{7173B3A5-B061-3B70-8835-2C8DF9B99A01} = {7173B3A5-B061-3B70-8835-2C8DF9B99A01}
		{3BDDD230-E51D-3283-9E3F-C16CC63B8031} = {3BDDD230-E51D-3283-9E3F-C16CC63B8031}
	EndProjectSection
EndProject
Project("{8BC9CEB8-8B4A-11D0-8D11-00A0C91BC942}") = "sharing", "examples\sharing.vcxproj", "{B1FEE61F-BB8D-37D5-8878-2FBF92D00A07}"
	ProjectSection(ProjectDependencies) = postProject
		{7173B3A5-B061-3B70-8835-2C8DF9B99A01} = {7173B3A5-B061-3B70-8835-2C8DF9B99A01}
		{3BDDD230-E51D-3283-9E3F-C16CC63B8031} = {3BDDD230-E51D-3283-9E3F-C16CC63B8031}
	EndProjectSection
EndProject
Project("{8BC9CEB8-8B4A-11D0-8D11-00A0C91BC942}") = "simple", "examples\simple.vcxproj", "{3C00CEB7-2EE6-3F07-841F-B25DBFDC8AA3}"
	ProjectSection(ProjectDependencies) = postProject
		{7173B3A5-B061-3B70-8835-2C8DF9B99A01} = {7173B3A5-B061-3B70-8835-2C8DF9B99A01}
		{3BDDD230-E51D-3283-9E3F-C16CC63B8031} = {3BDDD230-E51D-3283-9E3F-C16CC63B8031}
	EndProjectSection
EndProject
Project("{8BC9CEB8-8B4A-11D0-8D11-00A0C91BC942}") = "splitview", "examples\splitview.vcxproj", "{FF9899A1-7337-3F23-979D-01FFDADEE47D}"
	ProjectSection(ProjectDependencies) = postProject
		{7173B3A5-B061-3B70-8835-2C8DF9B99A01} = {7173B3A5-B061-3B70-8835-2C8DF9B99A01}
		{3BDDD230-E51D-3283-9E3F-C16CC63B8031} = {3BDDD230-E51D-3283-9E3F-C16CC63B8031}
	EndProjectSection
EndProject
Project("{8BC9CEB8-8B4A-11D0-8D11-00A0C91BC942}") = "tearing", "tests\tearing.vcxproj", "{7AD6CEEE-5E7D-3176-8672-8CDA2EB5A8C6}"
	ProjectSection(ProjectDependencies) = postProject
		{7173B3A5-B061-3B70-8835-2C8DF9B99A01} = {7173B3A5-B061-3B70-8835-2C8DF9B99A01}
		{3BDDD230-E51D-3283-9E3F-C16CC63B8031} = {3BDDD230-E51D-3283-9E3F-C16CC63B8031}
	EndProjectSection
EndProject
Project("{8BC9CEB8-8B4A-11D0-8D11-00A0C91BC942}") = "threads", "tests\threads.vcxproj", "{5335ED7F-D363-34DE-BA6B-FD74A23FA554}"
	ProjectSection(ProjectDependencies) = postProject
		{7173B3A5-B061-3B70-8835-2C8DF9B99A01} = {7173B3A5-B061-3B70-8835-2C8DF9B99A01}
		{3BDDD230-E51D-3283-9E3F-C16CC63B8031} = {3BDDD230-E51D-3283-9E3F-C16CC63B8031}
	EndProjectSection
EndProject
Project("{8BC9CEB8-8B4A-11D0-8D11-00A0C91BC942}") = "timeout", "tests\timeout.vcxproj", "{0431CBDE-14EB-38A9-8791-35DD821F6125}"
	ProjectSection(ProjectDependencies) = postProject
		{7173B3A5-B061-3B70-8835-2C8DF9B99A01} = {7173B3A5-B061-3B70-8835-2C8DF9B99A01}
		{3BDDD230-E51D-3283-9E3F-C16CC63B8031} = {3BDDD230-E51D-3283-9E3F-C16CC63B8031}
	EndProjectSection
EndProject
Project("{8BC9CEB8-8B4A-11D0-8D11-00A0C91BC942}") = "title", "tests\title.vcxproj", "{A5967C95-0408-31CA-852C-5FF2B4F70776}"
	ProjectSection(ProjectDependencies) = postProject
		{7173B3A5-B061-3B70-8835-2C8DF9B99A01} = {7173B3A5-B061-3B70-8835-2C8DF9B99A01}
		{3BDDD230-E51D-3283-9E3F-C16CC63B8031} = {3BDDD230-E51D-3283-9E3F-C16CC63B8031}
	EndProjectSection
EndProject
Project("{8BC9CEB8-8B4A-11D0-8D11-00A0C91BC942}") = "triangle-vulkan", "tests\triangle-vulkan.vcxproj", "{5E639629-F340-39BA-8BA1-1CDD0AB2D691}"
	ProjectSection(ProjectDependencies) = postProject
		{7173B3A5-B061-3B70-8835-2C8DF9B99A01} = {7173B3A5-B061-3B70-8835-2C8DF9B99A01}
		{3BDDD230-E51D-3283-9E3F-C16CC63B8031} = {3BDDD230-E51D-3283-9E3F-C16CC63B8031}
	EndProjectSection
EndProject
Project("{8BC9CEB8-8B4A-11D0-8D11-00A0C91BC942}") = "uninstall", "uninstall.vcxproj", "{DD36AF7C-2A8F-3C81-8259-15386F9415E7}"
	ProjectSection(ProjectDependencies) = postProject
		{7173B3A5-B061-3B70-8835-2C8DF9B99A01} = {7173B3A5-B061-3B70-8835-2C8DF9B99A01}
	EndProjectSection
EndProject
Project("{8BC9CEB8-8B4A-11D0-8D11-00A0C91BC942}") = "wave", "examples\wave.vcxproj", "{606E1707-8F9D-33F9-AFC5-6CA1CED6452F}"
	ProjectSection(ProjectDependencies) = postProject
		{7173B3A5-B061-3B70-8835-2C8DF9B99A01} = {7173B3A5-B061-3B70-8835-2C8DF9B99A01}
		{3BDDD230-E51D-3283-9E3F-C16CC63B8031} = {3BDDD230-E51D-3283-9E3F-C16CC63B8031}
	EndProjectSection
EndProject
Project("{8BC9CEB8-8B4A-11D0-8D11-00A0C91BC942}") = "windows", "tests\windows.vcxproj", "{4D731679-E37F-3C85-9DC7-BC2145149F9D}"
	ProjectSection(ProjectDependencies) = postProject
		{7173B3A5-B061-3B70-8835-2C8DF9B99A01} = {7173B3A5-B061-3B70-8835-2C8DF9B99A01}
		{3BDDD230-E51D-3283-9E3F-C16CC63B8031} = {3BDDD230-E51D-3283-9E3F-C16CC63B8031}
	EndProjectSection
EndProject
Global
	GlobalSection(SolutionConfigurationPlatforms) = preSolution
		Debug|x64 = Debug|x64
		Release|x64 = Release|x64
		MinSizeRel|x64 = MinSizeRel|x64
		RelWithDebInfo|x64 = RelWithDebInfo|x64
	EndGlobalSection
	GlobalSection(ProjectConfigurationPlatforms) = postSolution
		{40A60C18-32E4-3EA3-B153-BC949B1217A4}.Debug|x64.ActiveCfg = Debug|x64
		{40A60C18-32E4-3EA3-B153-BC949B1217A4}.Debug|x64.Build.0 = Debug|x64
		{40A60C18-32E4-3EA3-B153-BC949B1217A4}.Release|x64.ActiveCfg = Release|x64
		{40A60C18-32E4-3EA3-B153-BC949B1217A4}.Release|x64.Build.0 = Release|x64
		{40A60C18-32E4-3EA3-B153-BC949B1217A4}.MinSizeRel|x64.ActiveCfg = MinSizeRel|x64
		{40A60C18-32E4-3EA3-B153-BC949B1217A4}.MinSizeRel|x64.Build.0 = MinSizeRel|x64
		{40A60C18-32E4-3EA3-B153-BC949B1217A4}.RelWithDebInfo|x64.ActiveCfg = RelWithDebInfo|x64
		{40A60C18-32E4-3EA3-B153-BC949B1217A4}.RelWithDebInfo|x64.Build.0 = RelWithDebInfo|x64
		{4FE91D6D-3219-390F-A60A-33E734DC3A13}.Debug|x64.ActiveCfg = Debug|x64
		{4FE91D6D-3219-390F-A60A-33E734DC3A13}.Release|x64.ActiveCfg = Release|x64
		{4FE91D6D-3219-390F-A60A-33E734DC3A13}.MinSizeRel|x64.ActiveCfg = MinSizeRel|x64
		{4FE91D6D-3219-390F-A60A-33E734DC3A13}.RelWithDebInfo|x64.ActiveCfg = RelWithDebInfo|x64
		{7173B3A5-B061-3B70-8835-2C8DF9B99A01}.Debug|x64.ActiveCfg = Debug|x64
		{7173B3A5-B061-3B70-8835-2C8DF9B99A01}.Debug|x64.Build.0 = Debug|x64
		{7173B3A5-B061-3B70-8835-2C8DF9B99A01}.Release|x64.ActiveCfg = Release|x64
		{7173B3A5-B061-3B70-8835-2C8DF9B99A01}.Release|x64.Build.0 = Release|x64
		{7173B3A5-B061-3B70-8835-2C8DF9B99A01}.MinSizeRel|x64.ActiveCfg = MinSizeRel|x64
		{7173B3A5-B061-3B70-8835-2C8DF9B99A01}.MinSizeRel|x64.Build.0 = MinSizeRel|x64
		{7173B3A5-B061-3B70-8835-2C8DF9B99A01}.RelWithDebInfo|x64.ActiveCfg = RelWithDebInfo|x64
		{7173B3A5-B061-3B70-8835-2C8DF9B99A01}.RelWithDebInfo|x64.Build.0 = RelWithDebInfo|x64
		{866007C3-A1EE-35EB-8AB5-70444305E23A}.Debug|x64.ActiveCfg = Debug|x64
		{866007C3-A1EE-35EB-8AB5-70444305E23A}.Debug|x64.Build.0 = Debug|x64
		{866007C3-A1EE-35EB-8AB5-70444305E23A}.Release|x64.ActiveCfg = Release|x64
		{866007C3-A1EE-35EB-8AB5-70444305E23A}.Release|x64.Build.0 = Release|x64
		{866007C3-A1EE-35EB-8AB5-70444305E23A}.MinSizeRel|x64.ActiveCfg = MinSizeRel|x64
		{866007C3-A1EE-35EB-8AB5-70444305E23A}.MinSizeRel|x64.Build.0 = MinSizeRel|x64
		{866007C3-A1EE-35EB-8AB5-70444305E23A}.RelWithDebInfo|x64.ActiveCfg = RelWithDebInfo|x64
		{866007C3-A1EE-35EB-8AB5-70444305E23A}.RelWithDebInfo|x64.Build.0 = RelWithDebInfo|x64
		{A56F162E-21F4-3004-B490-4FD2E96851FB}.Debug|x64.ActiveCfg = Debug|x64
		{A56F162E-21F4-3004-B490-4FD2E96851FB}.Debug|x64.Build.0 = Debug|x64
		{A56F162E-21F4-3004-B490-4FD2E96851FB}.Release|x64.ActiveCfg = Release|x64
		{A56F162E-21F4-3004-B490-4FD2E96851FB}.Release|x64.Build.0 = Release|x64
		{A56F162E-21F4-3004-B490-4FD2E96851FB}.MinSizeRel|x64.ActiveCfg = MinSizeRel|x64
		{A56F162E-21F4-3004-B490-4FD2E96851FB}.MinSizeRel|x64.Build.0 = MinSizeRel|x64
		{A56F162E-21F4-3004-B490-4FD2E96851FB}.RelWithDebInfo|x64.ActiveCfg = RelWithDebInfo|x64
		{A56F162E-21F4-3004-B490-4FD2E96851FB}.RelWithDebInfo|x64.Build.0 = RelWithDebInfo|x64
		{1B9BA58C-B8D6-39F8-9DCA-1CC226DDFDBE}.Debug|x64.ActiveCfg = Debug|x64
		{1B9BA58C-B8D6-39F8-9DCA-1CC226DDFDBE}.Debug|x64.Build.0 = Debug|x64
		{1B9BA58C-B8D6-39F8-9DCA-1CC226DDFDBE}.Release|x64.ActiveCfg = Release|x64
		{1B9BA58C-B8D6-39F8-9DCA-1CC226DDFDBE}.Release|x64.Build.0 = Release|x64
		{1B9BA58C-B8D6-39F8-9DCA-1CC226DDFDBE}.MinSizeRel|x64.ActiveCfg = MinSizeRel|x64
		{1B9BA58C-B8D6-39F8-9DCA-1CC226DDFDBE}.MinSizeRel|x64.Build.0 = MinSizeRel|x64
		{1B9BA58C-B8D6-39F8-9DCA-1CC226DDFDBE}.RelWithDebInfo|x64.ActiveCfg = RelWithDebInfo|x64
		{1B9BA58C-B8D6-39F8-9DCA-1CC226DDFDBE}.RelWithDebInfo|x64.Build.0 = RelWithDebInfo|x64
		{E592C45B-A7A6-3C7B-AD8D-7C032C8BF95A}.Debug|x64.ActiveCfg = Debug|x64
		{E592C45B-A7A6-3C7B-AD8D-7C032C8BF95A}.Debug|x64.Build.0 = Debug|x64
		{E592C45B-A7A6-3C7B-AD8D-7C032C8BF95A}.Release|x64.ActiveCfg = Release|x64
		{E592C45B-A7A6-3C7B-AD8D-7C032C8BF95A}.Release|x64.Build.0 = Release|x64
		{E592C45B-A7A6-3C7B-AD8D-7C032C8BF95A}.MinSizeRel|x64.ActiveCfg = MinSizeRel|x64
		{E592C45B-A7A6-3C7B-AD8D-7C032C8BF95A}.MinSizeRel|x64.Build.0 = MinSizeRel|x64
		{E592C45B-A7A6-3C7B-AD8D-7C032C8BF95A}.RelWithDebInfo|x64.ActiveCfg = RelWithDebInfo|x64
		{E592C45B-A7A6-3C7B-AD8D-7C032C8BF95A}.RelWithDebInfo|x64.Build.0 = RelWithDebInfo|x64
		{D8650C19-33DF-330F-AE7D-DE5AED6DA497}.Debug|x64.ActiveCfg = Debug|x64
		{D8650C19-33DF-330F-AE7D-DE5AED6DA497}.Debug|x64.Build.0 = Debug|x64
		{D8650C19-33DF-330F-AE7D-DE5AED6DA497}.Release|x64.ActiveCfg = Release|x64
		{D8650C19-33DF-330F-AE7D-DE5AED6DA497}.Release|x64.Build.0 = Release|x64
		{D8650C19-33DF-330F-AE7D-DE5AED6DA497}.MinSizeRel|x64.ActiveCfg = MinSizeRel|x64
		{D8650C19-33DF-330F-AE7D-DE5AED6DA497}.MinSizeRel|x64.Build.0 = MinSizeRel|x64
		{D8650C19-33DF-330F-AE7D-DE5AED6DA497}.RelWithDebInfo|x64.ActiveCfg = RelWithDebInfo|x64
		{D8650C19-33DF-330F-AE7D-DE5AED6DA497}.RelWithDebInfo|x64.Build.0 = RelWithDebInfo|x64
		{51823F43-9C2B-310A-BF8D-87491F45DBAF}.Debug|x64.ActiveCfg = Debug|x64
		{51823F43-9C2B-310A-BF8D-87491F45DBAF}.Debug|x64.Build.0 = Debug|x64
		{51823F43-9C2B-310A-BF8D-87491F45DBAF}.Release|x64.ActiveCfg = Release|x64
		{51823F43-9C2B-310A-BF8D-87491F45DBAF}.Release|x64.Build.0 = Release|x64
		{51823F43-9C2B-310A-BF8D-87491F45DBAF}.MinSizeRel|x64.ActiveCfg = MinSizeRel|x64
		{51823F43-9C2B-310A-BF8D-87491F45DBAF}.MinSizeRel|x64.Build.0 = MinSizeRel|x64
		{51823F43-9C2B-310A-BF8D-87491F45DBAF}.RelWithDebInfo|x64.ActiveCfg = RelWithDebInfo|x64
		{51823F43-9C2B-310A-BF8D-87491F45DBAF}.RelWithDebInfo|x64.Build.0 = RelWithDebInfo|x64
		{0A9C9D25-1472-3AAD-AB5F-E6B4773CDE99}.Debug|x64.ActiveCfg = Debug|x64
		{0A9C9D25-1472-3AAD-AB5F-E6B4773CDE99}.Debug|x64.Build.0 = Debug|x64
		{0A9C9D25-1472-3AAD-AB5F-E6B4773CDE99}.Release|x64.ActiveCfg = Release|x64
		{0A9C9D25-1472-3AAD-AB5F-E6B4773CDE99}.Release|x64.Build.0 = Release|x64
		{0A9C9D25-1472-3AAD-AB5F-E6B4773CDE99}.MinSizeRel|x64.ActiveCfg = MinSizeRel|x64
		{0A9C9D25-1472-3AAD-AB5F-E6B4773CDE99}.MinSizeRel|x64.Build.0 = MinSizeRel|x64
		{0A9C9D25-1472-3AAD-AB5F-E6B4773CDE99}.RelWithDebInfo|x64.ActiveCfg = RelWithDebInfo|x64
		{0A9C9D25-1472-3AAD-AB5F-E6B4773CDE99}.RelWithDebInfo|x64.Build.0 = RelWithDebInfo|x64
		{3BDDD230-E51D-3283-9E3F-C16CC63B8031}.Debug|x64.ActiveCfg = Debug|x64
		{3BDDD230-E51D-3283-9E3F-C16CC63B8031}.Debug|x64.Build.0 = Debug|x64
		{3BDDD230-E51D-3283-9E3F-C16CC63B8031}.Release|x64.ActiveCfg = Release|x64
		{3BDDD230-E51D-3283-9E3F-C16CC63B8031}.Release|x64.Build.0 = Release|x64
		{3BDDD230-E51D-3283-9E3F-C16CC63B8031}.MinSizeRel|x64.ActiveCfg = MinSizeRel|x64
		{3BDDD230-E51D-3283-9E3F-C16CC63B8031}.MinSizeRel|x64.Build.0 = MinSizeRel|x64
		{3BDDD230-E51D-3283-9E3F-C16CC63B8031}.RelWithDebInfo|x64.ActiveCfg = RelWithDebInfo|x64
		{3BDDD230-E51D-3283-9E3F-C16CC63B8031}.RelWithDebInfo|x64.Build.0 = RelWithDebInfo|x64
		{E3C989AC-9B9B-34CC-9A35-420820813300}.Debug|x64.ActiveCfg = Debug|x64
		{E3C989AC-9B9B-34CC-9A35-420820813300}.Debug|x64.Build.0 = Debug|x64
		{E3C989AC-9B9B-34CC-9A35-420820813300}.Release|x64.ActiveCfg = Release|x64
		{E3C989AC-9B9B-34CC-9A35-420820813300}.Release|x64.Build.0 = Release|x64
		{E3C989AC-9B9B-34CC-9A35-420820813300}.MinSizeRel|x64.ActiveCfg = MinSizeRel|x64
		{E3C989AC-9B9B-34CC-9A35-420820813300}.MinSizeRel|x64.Build.0 = MinSizeRel|x64
		{E3C989AC-9B9B-34CC-9A35-420820813300}.RelWithDebInfo|x64.ActiveCfg = RelWithDebInfo|x64
		{E3C989AC-9B9B-34CC-9A35-420820813300}.RelWithDebInfo|x64.Build.0 = RelWithDebInfo|x64
		{7EC48B83-3D5B-3C67-8F2F-33956AD22909}.Debug|x64.ActiveCfg = Debug|x64
		{7EC48B83-3D5B-3C67-8F2F-33956AD22909}.Debug|x64.Build.0 = Debug|x64
		{7EC48B83-3D5B-3C67-8F2F-33956AD22909}.Release|x64.ActiveCfg = Release|x64
		{7EC48B83-3D5B-3C67-8F2F-33956AD22909}.Release|x64.Build.0 = Release|x64
		{7EC48B83-3D5B-3C67-8F2F-33956AD22909}.MinSizeRel|x64.ActiveCfg = MinSizeRel|x64
		{7EC48B83-3D5B-3C67-8F2F-33956AD22909}.MinSizeRel|x64.Build.0 = MinSizeRel|x64
		{7EC48B83-3D5B-3C67-8F2F-33956AD22909}.RelWithDebInfo|x64.ActiveCfg = RelWithDebInfo|x64
		{7EC48B83-3D5B-3C67-8F2F-33956AD22909}.RelWithDebInfo|x64.Build.0 = RelWithDebInfo|x64
		{5130D8A5-D8AA-35B7-91AE-4AD006B137D3}.Debug|x64.ActiveCfg = Debug|x64
		{5130D8A5-D8AA-35B7-91AE-4AD006B137D3}.Debug|x64.Build.0 = Debug|x64
		{5130D8A5-D8AA-35B7-91AE-4AD006B137D3}.Release|x64.ActiveCfg = Release|x64
		{5130D8A5-D8AA-35B7-91AE-4AD006B137D3}.Release|x64.Build.0 = Release|x64
		{5130D8A5-D8AA-35B7-91AE-4AD006B137D3}.MinSizeRel|x64.ActiveCfg = MinSizeRel|x64
		{5130D8A5-D8AA-35B7-91AE-4AD006B137D3}.MinSizeRel|x64.Build.0 = MinSizeRel|x64
		{5130D8A5-D8AA-35B7-91AE-4AD006B137D3}.RelWithDebInfo|x64.ActiveCfg = RelWithDebInfo|x64
		{5130D8A5-D8AA-35B7-91AE-4AD006B137D3}.RelWithDebInfo|x64.Build.0 = RelWithDebInfo|x64
		{87AFD6FB-2C73-3C2C-B185-E4CA7D74F527}.Debug|x64.ActiveCfg = Debug|x64
		{87AFD6FB-2C73-3C2C-B185-E4CA7D74F527}.Debug|x64.Build.0 = Debug|x64
		{87AFD6FB-2C73-3C2C-B185-E4CA7D74F527}.Release|x64.ActiveCfg = Release|x64
		{87AFD6FB-2C73-3C2C-B185-E4CA7D74F527}.Release|x64.Build.0 = Release|x64
		{87AFD6FB-2C73-3C2C-B185-E4CA7D74F527}.MinSizeRel|x64.ActiveCfg = MinSizeRel|x64
		{87AFD6FB-2C73-3C2C-B185-E4CA7D74F527}.MinSizeRel|x64.Build.0 = MinSizeRel|x64
		{87AFD6FB-2C73-3C2C-B185-E4CA7D74F527}.RelWithDebInfo|x64.ActiveCfg = RelWithDebInfo|x64
		{87AFD6FB-2C73-3C2C-B185-E4CA7D74F527}.RelWithDebInfo|x64.Build.0 = RelWithDebInfo|x64
		{07789793-463C-3E80-A6CE-F5598F739773}.Debug|x64.ActiveCfg = Debug|x64
		{07789793-463C-3E80-A6CE-F5598F739773}.Debug|x64.Build.0 = Debug|x64
		{07789793-463C-3E80-A6CE-F5598F739773}.Release|x64.ActiveCfg = Release|x64
		{07789793-463C-3E80-A6CE-F5598F739773}.Release|x64.Build.0 = Release|x64
		{07789793-463C-3E80-A6CE-F5598F739773}.MinSizeRel|x64.ActiveCfg = MinSizeRel|x64
		{07789793-463C-3E80-A6CE-F5598F739773}.MinSizeRel|x64.Build.0 = MinSizeRel|x64
		{07789793-463C-3E80-A6CE-F5598F739773}.RelWithDebInfo|x64.ActiveCfg = RelWithDebInfo|x64
		{07789793-463C-3E80-A6CE-F5598F739773}.RelWithDebInfo|x64.Build.0 = RelWithDebInfo|x64
		{BCC1B0C5-29F4-38D8-AB79-A1514FAA80E6}.Debug|x64.ActiveCfg = Debug|x64
		{BCC1B0C5-29F4-38D8-AB79-A1514FAA80E6}.Debug|x64.Build.0 = Debug|x64
		{BCC1B0C5-29F4-38D8-AB79-A1514FAA80E6}.Release|x64.ActiveCfg = Release|x64
		{BCC1B0C5-29F4-38D8-AB79-A1514FAA80E6}.Release|x64.Build.0 = Release|x64
		{BCC1B0C5-29F4-38D8-AB79-A1514FAA80E6}.MinSizeRel|x64.ActiveCfg = MinSizeRel|x64
		{BCC1B0C5-29F4-38D8-AB79-A1514FAA80E6}.MinSizeRel|x64.Build.0 = MinSizeRel|x64
		{BCC1B0C5-29F4-38D8-AB79-A1514FAA80E6}.RelWithDebInfo|x64.ActiveCfg = RelWithDebInfo|x64
		{BCC1B0C5-29F4-38D8-AB79-A1514FAA80E6}.RelWithDebInfo|x64.Build.0 = RelWithDebInfo|x64
		{CF7931AB-916B-38BB-823B-83D9BD339526}.Debug|x64.ActiveCfg = Debug|x64
		{CF7931AB-916B-38BB-823B-83D9BD339526}.Debug|x64.Build.0 = Debug|x64
		{CF7931AB-916B-38BB-823B-83D9BD339526}.Release|x64.ActiveCfg = Release|x64
		{CF7931AB-916B-38BB-823B-83D9BD339526}.Release|x64.Build.0 = Release|x64
		{CF7931AB-916B-38BB-823B-83D9BD339526}.MinSizeRel|x64.ActiveCfg = MinSizeRel|x64
		{CF7931AB-916B-38BB-823B-83D9BD339526}.MinSizeRel|x64.Build.0 = MinSizeRel|x64
		{CF7931AB-916B-38BB-823B-83D9BD339526}.RelWithDebInfo|x64.ActiveCfg = RelWithDebInfo|x64
		{CF7931AB-916B-38BB-823B-83D9BD339526}.RelWithDebInfo|x64.Build.0 = RelWithDebInfo|x64
		{EF268565-9581-3C6E-87FC-45968CB1EF25}.Debug|x64.ActiveCfg = Debug|x64
		{EF268565-9581-3C6E-87FC-45968CB1EF25}.Debug|x64.Build.0 = Debug|x64
		{EF268565-9581-3C6E-87FC-45968CB1EF25}.Release|x64.ActiveCfg = Release|x64
		{EF268565-9581-3C6E-87FC-45968CB1EF25}.Release|x64.Build.0 = Release|x64
		{EF268565-9581-3C6E-87FC-45968CB1EF25}.MinSizeRel|x64.ActiveCfg = MinSizeRel|x64
		{EF268565-9581-3C6E-87FC-45968CB1EF25}.MinSizeRel|x64.Build.0 = MinSizeRel|x64
		{EF268565-9581-3C6E-87FC-45968CB1EF25}.RelWithDebInfo|x64.ActiveCfg = RelWithDebInfo|x64
		{EF268565-9581-3C6E-87FC-45968CB1EF25}.RelWithDebInfo|x64.Build.0 = RelWithDebInfo|x64
		{7E0EEADD-A0FE-3DE5-85B0-00F85245D52F}.Debug|x64.ActiveCfg = Debug|x64
		{7E0EEADD-A0FE-3DE5-85B0-00F85245D52F}.Debug|x64.Build.0 = Debug|x64
		{7E0EEADD-A0FE-3DE5-85B0-00F85245D52F}.Release|x64.ActiveCfg = Release|x64
		{7E0EEADD-A0FE-3DE5-85B0-00F85245D52F}.Release|x64.Build.0 = Release|x64
		{7E0EEADD-A0FE-3DE5-85B0-00F85245D52F}.MinSizeRel|x64.ActiveCfg = MinSizeRel|x64
		{7E0EEADD-A0FE-3DE5-85B0-00F85245D52F}.MinSizeRel|x64.Build.0 = MinSizeRel|x64
		{7E0EEADD-A0FE-3DE5-85B0-00F85245D52F}.RelWithDebInfo|x64.ActiveCfg = RelWithDebInfo|x64
		{7E0EEADD-A0FE-3DE5-85B0-00F85245D52F}.RelWithDebInfo|x64.Build.0 = RelWithDebInfo|x64
		{4793326A-D666-37A6-90F3-DDACD16C3F8B}.Debug|x64.ActiveCfg = Debug|x64
		{4793326A-D666-37A6-90F3-DDACD16C3F8B}.Debug|x64.Build.0 = Debug|x64
		{4793326A-D666-37A6-90F3-DDACD16C3F8B}.Release|x64.ActiveCfg = Release|x64
		{4793326A-D666-37A6-90F3-DDACD16C3F8B}.Release|x64.Build.0 = Release|x64
		{4793326A-D666-37A6-90F3-DDACD16C3F8B}.MinSizeRel|x64.ActiveCfg = MinSizeRel|x64
		{4793326A-D666-37A6-90F3-DDACD16C3F8B}.MinSizeRel|x64.Build.0 = MinSizeRel|x64
		{4793326A-D666-37A6-90F3-DDACD16C3F8B}.RelWithDebInfo|x64.ActiveCfg = RelWithDebInfo|x64
		{4793326A-D666-37A6-90F3-DDACD16C3F8B}.RelWithDebInfo|x64.Build.0 = RelWithDebInfo|x64
		{DB958C74-CC78-3193-ABFB-A0BF4A9F1FB0}.Debug|x64.ActiveCfg = Debug|x64
		{DB958C74-CC78-3193-ABFB-A0BF4A9F1FB0}.Debug|x64.Build.0 = Debug|x64
		{DB958C74-CC78-3193-ABFB-A0BF4A9F1FB0}.Release|x64.ActiveCfg = Release|x64
		{DB958C74-CC78-3193-ABFB-A0BF4A9F1FB0}.Release|x64.Build.0 = Release|x64
		{DB958C74-CC78-3193-ABFB-A0BF4A9F1FB0}.MinSizeRel|x64.ActiveCfg = MinSizeRel|x64
		{DB958C74-CC78-3193-ABFB-A0BF4A9F1FB0}.MinSizeRel|x64.Build.0 = MinSizeRel|x64
		{DB958C74-CC78-3193-ABFB-A0BF4A9F1FB0}.RelWithDebInfo|x64.ActiveCfg = RelWithDebInfo|x64
		{DB958C74-CC78-3193-ABFB-A0BF4A9F1FB0}.RelWithDebInfo|x64.Build.0 = RelWithDebInfo|x64
		{0D270BEF-5574-3EEC-86F7-4D4F304EA69E}.Debug|x64.ActiveCfg = Debug|x64
		{0D270BEF-5574-3EEC-86F7-4D4F304EA69E}.Debug|x64.Build.0 = Debug|x64
		{0D270BEF-5574-3EEC-86F7-4D4F304EA69E}.Release|x64.ActiveCfg = Release|x64
		{0D270BEF-5574-3EEC-86F7-4D4F304EA69E}.Release|x64.Build.0 = Release|x64
		{0D270BEF-5574-3EEC-86F7-4D4F304EA69E}.MinSizeRel|x64.ActiveCfg = MinSizeRel|x64
		{0D270BEF-5574-3EEC-86F7-4D4F304EA69E}.MinSizeRel|x64.Build.0 = MinSizeRel|x64
		{0D270BEF-5574-3EEC-86F7-4D4F304EA69E}.RelWithDebInfo|x64.ActiveCfg = RelWithDebInfo|x64
		{0D270BEF-5574-3EEC-86F7-4D4F304EA69E}.RelWithDebInfo|x64.Build.0 = RelWithDebInfo|x64
		{B1FEE61F-BB8D-37D5-8878-2FBF92D00A07}.Debug|x64.ActiveCfg = Debug|x64
		{B1FEE61F-BB8D-37D5-8878-2FBF92D00A07}.Debug|x64.Build.0 = Debug|x64
		{B1FEE61F-BB8D-37D5-8878-2FBF92D00A07}.Release|x64.ActiveCfg = Release|x64
		{B1FEE61F-BB8D-37D5-8878-2FBF92D00A07}.Release|x64.Build.0 = Release|x64
		{B1FEE61F-BB8D-37D5-8878-2FBF92D00A07}.MinSizeRel|x64.ActiveCfg = MinSizeRel|x64
		{B1FEE61F-BB8D-37D5-8878-2FBF92D00A07}.MinSizeRel|x64.Build.0 = MinSizeRel|x64
		{B1FEE61F-BB8D-37D5-8878-2FBF92D00A07}.RelWithDebInfo|x64.ActiveCfg = RelWithDebInfo|x64
		{B1FEE61F-BB8D-37D5-8878-2FBF92D00A07}.RelWithDebInfo|x64.Build.0 = RelWithDebInfo|x64
		{3C00CEB7-2EE6-3F07-841F-B25DBFDC8AA3}.Debug|x64.ActiveCfg = Debug|x64
		{3C00CEB7-2EE6-3F07-841F-B25DBFDC8AA3}.Debug|x64.Build.0 = Debug|x64
		{3C00CEB7-2EE6-3F07-841F-B25DBFDC8AA3}.Release|x64.ActiveCfg = Release|x64
		{3C00CEB7-2EE6-3F07-841F-B25DBFDC8AA3}.Release|x64.Build.0 = Release|x64
		{3C00CEB7-2EE6-3F07-841F-B25DBFDC8AA3}.MinSizeRel|x64.ActiveCfg = MinSizeRel|x64
		{3C00CEB7-2EE6-3F07-841F-B25DBFDC8AA3}.MinSizeRel|x64.Build.0 = MinSizeRel|x64
		{3C00CEB7-2EE6-3F07-841F-B25DBFDC8AA3}.RelWithDebInfo|x64.ActiveCfg = RelWithDebInfo|x64
		{3C00CEB7-2EE6-3F07-841F-B25DBFDC8AA3}.RelWithDebInfo|x64.Build.0 = RelWithDebInfo|x64
		{FF9899A1-7337-3F23-979D-01FFDADEE47D}.Debug|x64.ActiveCfg = Debug|x64
		{FF9899A1-7337-3F23-979D-01FFDADEE47D}.Debug|x64.Build.0 = Debug|x64
		{FF9899A1-7337-3F23-979D-01FFDADEE47D}.Release|x64.ActiveCfg = Release|x64
		{FF9899A1-7337-3F23-979D-01FFDADEE47D}.Release|x64.Build.0 = Release|x64
		{FF9899A1-7337-3F23-979D-01FFDADEE47D}.MinSizeRel|x64.ActiveCfg = MinSizeRel|x64
		{FF9899A1-7337-3F23-979D-01FFDADEE47D}.MinSizeRel|x64.Build.0 = MinSizeRel|x64
		{FF9899A1-7337-3F23-979D-01FFDADEE47D}.RelWithDebInfo|x64.ActiveCfg = RelWithDebInfo|x64
		{FF9899A1-7337-3F23-979D-01FFDADEE47D}.RelWithDebInfo|x64.Build.0 = RelWithDebInfo|x64
		{7AD6CEEE-5E7D-3176-8672-8CDA2EB5A8C6}.Debug|x64.ActiveCfg = Debug|x64
		{7AD6CEEE-5E7D-3176-8672-8CDA2EB5A8C6}.Debug|x64.Build.0 = Debug|x64
		{7AD6CEEE-5E7D-3176-8672-8CDA2EB5A8C6}.Release|x64.ActiveCfg = Release|x64
		{7AD6CEEE-5E7D-3176-8672-8CDA2EB5A8C6}.Release|x64.Build.0 = Release|x64
		{7AD6CEEE-5E7D-3176-8672-8CDA2EB5A8C6}.MinSizeRel|x64.ActiveCfg = MinSizeRel|x64
		{7AD6CEEE-5E7D-3176-8672-8CDA2EB5A8C6}.MinSizeRel|x64.Build.0 = MinSizeRel|x64
		{7AD6CEEE-5E7D-3176-8672-8CDA2EB5A8C6}.RelWithDebInfo|x64.ActiveCfg = RelWithDebInfo|x64
		{7AD6CEEE-5E7D-3176-8672-8CDA2EB5A8C6}.RelWithDebInfo|x64.Build.0 = RelWithDebInfo|x64
		{5335ED7F-D363-34DE-BA6B-FD74A23FA554}.Debug|x64.ActiveCfg = Debug|x64
		{5335ED7F-D363-34DE-BA6B-FD74A23FA554}.Debug|x64.Build.0 = Debug|x64
		{5335ED7F-D363-34DE-BA6B-FD74A23FA554}.Release|x64.ActiveCfg = Release|x64
		{5335ED7F-D363-34DE-BA6B-FD74A23FA554}.Release|x64.Build.0 = Release|x64
		{5335ED7F-D363-34DE-BA6B-FD74A23FA554}.MinSizeRel|x64.ActiveCfg = MinSizeRel|x64
		{5335ED7F-D363-34DE-BA6B-FD74A23FA554}.MinSizeRel|x64.Build.0 = MinSizeRel|x64
		{5335ED7F-D363-34DE-BA6B-FD74A23FA554}.RelWithDebInfo|x64.ActiveCfg = RelWithDebInfo|x64
		{5335ED7F-D363-34DE-BA6B-FD74A23FA554}.RelWithDebInfo|x64.Build.0 = RelWithDebInfo|x64
		{0431CBDE-14EB-38A9-8791-35DD821F6125}.Debug|x64.ActiveCfg = Debug|x64
		{0431CBDE-14EB-38A9-8791-35DD821F6125}.Debug|x64.Build.0 = Debug|x64
		{0431CBDE-14EB-38A9-8791-35DD821F6125}.Release|x64.ActiveCfg = Release|x64
		{0431CBDE-14EB-38A9-8791-35DD821F6125}.Release|x64.Build.0 = Release|x64
		{0431CBDE-14EB-38A9-8791-35DD821F6125}.MinSizeRel|x64.ActiveCfg = MinSizeRel|x64
		{0431CBDE-14EB-38A9-8791-35DD821F6125}.MinSizeRel|x64.Build.0 = MinSizeRel|x64
		{0431CBDE-14EB-38A9-8791-35DD821F6125}.RelWithDebInfo|x64.ActiveCfg = RelWithDebInfo|x64
		{0431CBDE-14EB-38A9-8791-35DD821F6125}.RelWithDebInfo|x64.Build.0 = RelWithDebInfo|x64
		{A5967C95-0408-31CA-852C-5FF2B4F70776}.Debug|x64.ActiveCfg = Debug|x64
		{A5967C95-0408-31CA-852C-5FF2B4F70776}.Debug|x64.Build.0 = Debug|x64
		{A5967C95-0408-31CA-852C-5FF2B4F70776}.Release|x64.ActiveCfg = Release|x64
		{A5967C95-0408-31CA-852C-5FF2B4F70776}.Release|x64.Build.0 = Release|x64
		{A5967C95-0408-31CA-852C-5FF2B4F70776}.MinSizeRel|x64.ActiveCfg = MinSizeRel|x64
		{A5967C95-0408-31CA-852C-5FF2B4F70776}.MinSizeRel|x64.Build.0 = MinSizeRel|x64
		{A5967C95-0408-31CA-852C-5FF2B4F70776}.RelWithDebInfo|x64.ActiveCfg = RelWithDebInfo|x64
		{A5967C95-0408-31CA-852C-5FF2B4F70776}.RelWithDebInfo|x64.Build.0 = RelWithDebInfo|x64
		{5E639629-F340-39BA-8BA1-1CDD0AB2D691}.Debug|x64.ActiveCfg = Debug|x64
		{5E639629-F340-39BA-8BA1-1CDD0AB2D691}.Debug|x64.Build.0 = Debug|x64
		{5E639629-F340-39BA-8BA1-1CDD0AB2D691}.Release|x64.ActiveCfg = Release|x64
		{5E639629-F340-39BA-8BA1-1CDD0AB2D691}.Release|x64.Build.0 = Release|x64
		{5E639629-F340-39BA-8BA1-1CDD0AB2D691}.MinSizeRel|x64.ActiveCfg = MinSizeRel|x64
		{5E639629-F340-39BA-8BA1-1CDD0AB2D691}.MinSizeRel|x64.Build.0 = MinSizeRel|x64
		{5E639629-F340-39BA-8BA1-1CDD0AB2D691}.RelWithDebInfo|x64.ActiveCfg = RelWithDebInfo|x64
		{5E639629-F340-39BA-8BA1-1CDD0AB2D691}.RelWithDebInfo|x64.Build.0 = RelWithDebInfo|x64
		{DD36AF7C-2A8F-3C81-8259-15386F9415E7}.Debug|x64.ActiveCfg = Debug|x64
		{DD36AF7C-2A8F-3C81-8259-15386F9415E7}.Release|x64.ActiveCfg = Release|x64
		{DD36AF7C-2A8F-3C81-8259-15386F9415E7}.MinSizeRel|x64.ActiveCfg = MinSizeRel|x64
		{DD36AF7C-2A8F-3C81-8259-15386F9415E7}.RelWithDebInfo|x64.ActiveCfg = RelWithDebInfo|x64
		{606E1707-8F9D-33F9-AFC5-6CA1CED6452F}.Debug|x64.ActiveCfg = Debug|x64
		{606E1707-8F9D-33F9-AFC5-6CA1CED6452F}.Debug|x64.Build.0 = Debug|x64
		{606E1707-8F9D-33F9-AFC5-6CA1CED6452F}.Release|x64.ActiveCfg = Release|x64
		{606E1707-8F9D-33F9-AFC5-6CA1CED6452F}.Release|x64.Build.0 = Release|x64
		{606E1707-8F9D-33F9-AFC5-6CA1CED6452F}.MinSizeRel|x64.ActiveCfg = MinSizeRel|x64
		{606E1707-8F9D-33F9-AFC5-6CA1CED6452F}.MinSizeRel|x64.Build.0 = MinSizeRel|x64
		{606E1707-8F9D-33F9-AFC5-6CA1CED6452F}.RelWithDebInfo|x64.ActiveCfg = RelWithDebInfo|x64
		{606E1707-8F9D-33F9-AFC5-6CA1CED6452F}.RelWithDebInfo|x64.Build.0 = RelWithDebInfo|x64
		{4D731679-E37F-3C85-9DC7-BC2145149F9D}.Debug|x64.ActiveCfg = Debug|x64
		{4D731679-E37F-3C85-9DC7-BC2145149F9D}.Debug|x64.Build.0 = Debug|x64
		{4D731679-E37F-3C85-9DC7-BC2145149F9D}.Release|x64.ActiveCfg = Release|x64
		{4D731679-E37F-3C85-9DC7-BC2145149F9D}.Release|x64.Build.0 = Release|x64
		{4D731679-E37F-3C85-9DC7-BC2145149F9D}.MinSizeRel|x64.ActiveCfg = MinSizeRel|x64
		{4D731679-E37F-3C85-9DC7-BC2145149F9D}.MinSizeRel|x64.Build.0 = MinSizeRel|x64
		{4D731679-E37F-3C85-9DC7-BC2145149F9D}.RelWithDebInfo|x64.ActiveCfg = RelWithDebInfo|x64
		{4D731679-E37F-3C85-9DC7-BC2145149F9D}.RelWithDebInfo|x64.Build.0 = RelWithDebInfo|x64
	EndGlobalSection
	GlobalSection(NestedProjects) = preSolution
		{40A60C18-32E4-3EA3-B153-BC949B1217A4} = {50EEB3EB-A3C7-3003-A538-B6404927E81A}
		{4FE91D6D-3219-390F-A60A-33E734DC3A13} = {50EEB3EB-A3C7-3003-A538-B6404927E81A}
		{7173B3A5-B061-3B70-8835-2C8DF9B99A01} = {50EEB3EB-A3C7-3003-A538-B6404927E81A}
		{FF806A39-063D-3E73-A1D7-654B348C0236} = {416CF952-5AAD-3CE8-B390-D4A2FCC0E606}
		{4DA439EB-5EB9-3087-A51C-96F5975A9D1D} = {416CF952-5AAD-3CE8-B390-D4A2FCC0E606}
		{3BDDD230-E51D-3283-9E3F-C16CC63B8031} = {416CF952-5AAD-3CE8-B390-D4A2FCC0E606}
		{DD36AF7C-2A8F-3C81-8259-15386F9415E7} = {416CF952-5AAD-3CE8-B390-D4A2FCC0E606}
		{866007C3-A1EE-35EB-8AB5-70444305E23A} = {FF806A39-063D-3E73-A1D7-654B348C0236}
		{0A9C9D25-1472-3AAD-AB5F-E6B4773CDE99} = {FF806A39-063D-3E73-A1D7-654B348C0236}
		{7EC48B83-3D5B-3C67-8F2F-33956AD22909} = {FF806A39-063D-3E73-A1D7-654B348C0236}
		{7E0EEADD-A0FE-3DE5-85B0-00F85245D52F} = {FF806A39-063D-3E73-A1D7-654B348C0236}
		{DB958C74-CC78-3193-ABFB-A0BF4A9F1FB0} = {FF806A39-063D-3E73-A1D7-654B348C0236}
		{B1FEE61F-BB8D-37D5-8878-2FBF92D00A07} = {FF806A39-063D-3E73-A1D7-654B348C0236}
		{3C00CEB7-2EE6-3F07-841F-B25DBFDC8AA3} = {FF806A39-063D-3E73-A1D7-654B348C0236}
		{FF9899A1-7337-3F23-979D-01FFDADEE47D} = {FF806A39-063D-3E73-A1D7-654B348C0236}
		{606E1707-8F9D-33F9-AFC5-6CA1CED6452F} = {FF806A39-063D-3E73-A1D7-654B348C0236}
		{A56F162E-21F4-3004-B490-4FD2E96851FB} = {4DA439EB-5EB9-3087-A51C-96F5975A9D1D}
		{1B9BA58C-B8D6-39F8-9DCA-1CC226DDFDBE} = {4DA439EB-5EB9-3087-A51C-96F5975A9D1D}
		{E592C45B-A7A6-3C7B-AD8D-7C032C8BF95A} = {4DA439EB-5EB9-3087-A51C-96F5975A9D1D}
		{D8650C19-33DF-330F-AE7D-DE5AED6DA497} = {4DA439EB-5EB9-3087-A51C-96F5975A9D1D}
		{51823F43-9C2B-310A-BF8D-87491F45DBAF} = {4DA439EB-5EB9-3087-A51C-96F5975A9D1D}
		{E3C989AC-9B9B-34CC-9A35-420820813300} = {4DA439EB-5EB9-3087-A51C-96F5975A9D1D}
		{5130D8A5-D8AA-35B7-91AE-4AD006B137D3} = {4DA439EB-5EB9-3087-A51C-96F5975A9D1D}
		{87AFD6FB-2C73-3C2C-B185-E4CA7D74F527} = {4DA439EB-5EB9-3087-A51C-96F5975A9D1D}
		{07789793-463C-3E80-A6CE-F5598F739773} = {4DA439EB-5EB9-3087-A51C-96F5975A9D1D}
		{BCC1B0C5-29F4-38D8-AB79-A1514FAA80E6} = {4DA439EB-5EB9-3087-A51C-96F5975A9D1D}
		{CF7931AB-916B-38BB-823B-83D9BD339526} = {4DA439EB-5EB9-3087-A51C-96F5975A9D1D}
		{EF268565-9581-3C6E-87FC-45968CB1EF25} = {4DA439EB-5EB9-3087-A51C-96F5975A9D1D}
		{4793326A-D666-37A6-90F3-DDACD16C3F8B} = {4DA439EB-5EB9-3087-A51C-96F5975A9D1D}
		{0D270BEF-5574-3EEC-86F7-4D4F304EA69E} = {4DA439EB-5EB9-3087-A51C-96F5975A9D1D}
		{7AD6CEEE-5E7D-3176-8672-8CDA2EB5A8C6} = {4DA439EB-5EB9-3087-A51C-96F5975A9D1D}
		{5335ED7F-D363-34DE-BA6B-FD74A23FA554} = {4DA439EB-5EB9-3087-A51C-96F5975A9D1D}
		{0431CBDE-14EB-38A9-8791-35DD821F6125} = {4DA439EB-5EB9-3087-A51C-96F5975A9D1D}
		{A5967C95-0408-31CA-852C-5FF2B4F70776} = {4DA439EB-5EB9-3087-A51C-96F5975A9D1D}
		{5E639629-F340-39BA-8BA1-1CDD0AB2D691} = {4DA439EB-5EB9-3087-A51C-96F5975A9D1D}
		{4D731679-E37F-3C85-9DC7-BC2145149F9D} = {4DA439EB-5EB9-3087-A51C-96F5975A9D1D}
	EndGlobalSection
	GlobalSection(ExtensibilityGlobals) = postSolution
		SolutionGuid = {51D04128-31AE-3EB6-9E16-AE76FB151FFA}
	EndGlobalSection
	GlobalSection(ExtensibilityAddIns) = postSolution
	EndGlobalSection
EndGlobal
