<?xml version="1.0" encoding="utf-8"?>
<Project ToolsVersion="16.0" xmlns="http://schemas.microsoft.com/developer/msbuild/2003">
  <ItemGroup>
    <CustomBuild Include="D:\workspace\ykdu\mane-opengl\mane\lib\glfw\CMakeFiles\a1526672ac0ecaebddad89ab123a9adf\INSTALL_force.rule">
      <Filter>CMake Rules</Filter>
    </CustomBuild>
  </ItemGroup>
  <ItemGroup>
    <Filter Include="CMake Rules">
      <UniqueIdentifier>{A5C9B1E3-25CC-308E-B900-D8EB8B48033C}</UniqueIdentifier>
    </Filter>
  </ItemGroup>
</Project>
